
Microsoft Visual Studio Solution File, Format Version 12.00
# Visual Studio Version 16
VisualStudioVersion = 16.0.32228.343
MinimumVisualStudioVersion = 10.0.40219.1
Project("{FAE04EC0-301F-11D3-BF4B-00C04F79EFBC}") = "WebApplication2", "WebApplication2\WebApplication2.csproj", "{BEB90F54-91AF-434D-BCEC-1D6B767C24FE}"
EndProject
Project("{FAE04EC0-301F-11D3-BF4B-00C04F79EFBC}") = "ClassLibrary1", "ClassLibrary1\ClassLibrary1.csproj", "{F770574F-5F56-4FC9-B392-17A6BD996373}"
EndProject
Global
	GlobalSection(SolutionConfigurationPlatforms) = preSolution
		Debug|Any CPU = Debug|Any CPU
		Release|Any CPU = Release|Any CPU
	EndGlobalSection
	GlobalSection(ProjectConfigurationPlatforms) = postSolution
		{BEB90F54-91AF-434D-BCEC-1D6B767C24FE}.Debug|Any CPU.ActiveCfg = Debug|Any CPU
		{BEB90F54-91AF-434D-BCEC-1D6B767C24FE}.Debug|Any CPU.Build.0 = Debug|Any CPU
		{BEB90F54-91AF-434D-BCEC-1D6B767C24FE}.Release|Any CPU.ActiveCfg = Release|Any CPU
		{BEB90F54-91AF-434D-BCEC-1D6B767C24FE}.Release|Any CPU.Build.0 = Release|Any CPU
		{F770574F-5F56-4FC9-B392-17A6BD996373}.Debug|Any CPU.ActiveCfg = Debug|Any CPU
		{F770574F-5F56-4FC9-B392-17A6BD996373}.Debug|Any CPU.Build.0 = Debug|Any CPU
		{F770574F-5F56-4FC9-B392-17A6BD996373}.Release|Any CPU.ActiveCfg = Release|Any CPU
		{F770574F-5F56-4FC9-B392-17A6BD996373}.Release|Any CPU.Build.0 = Release|Any CPU
	EndGlobalSection
	GlobalSection(SolutionProperties) = preSolution
		HideSolutionNode = FALSE
	EndGlobalSection
	GlobalSection(ExtensibilityGlobals) = postSolution
		SolutionGuid = {54F81F6C-97D5-4C0F-9F10-58E04271015E}
	EndGlobalSection
EndGlobal
